
Microsoft Visual Studio Solution File, Format Version 12.00
# Visual Studio Version 17
VisualStudioVersion = 17.0.31903.59
MinimumVisualStudioVersion = 10.0.40219.1
Project("{2150E333-8FDC-42A3-9474-1A3956D46DE8}") = "src", "src", "{827E0CD3-B72D-47B6-A68D-7590B98EB39B}"
EndProject
Project("{FAE04EC0-301F-11D3-BF4B-00C04F79EFBC}") = "Backend.Domain", "src\Backend.Domain\Backend.Domain.csproj", "{0B623114-6634-4659-AA8F-2FE8B6E9E0F1}"
EndProject
Project("{FAE04EC0-301F-11D3-BF4B-00C04F79EFBC}") = "Backend.Infrastructure", "src\Backend.Infrastructure\Backend.Infrastructure.csproj", "{8F7ABF79-8992-42EA-A6B4-9A52F948799D}"
EndProject
Project("{FAE04EC0-301F-11D3-BF4B-00C04F79EFBC}") = "Backend.WebApi", "src\Backend.WebApi\Backend.WebApi.csproj", "{B6C73652-28DC-483A-A729-769A86E87EDE}"
EndProject
Global
	GlobalSection(SolutionConfigurationPlatforms) = preSolution
		Debug|Any CPU = Debug|Any CPU
		Debug|x64 = Debug|x64
		Debug|x86 = Debug|x86
		Release|Any CPU = Release|Any CPU
		Release|x64 = Release|x64
		Release|x86 = Release|x86
	EndGlobalSection
	GlobalSection(ProjectConfigurationPlatforms) = postSolution
		{0B623114-6634-4659-AA8F-2FE8B6E9E0F1}.Debug|Any CPU.ActiveCfg = Debug|Any CPU
		{0B623114-6634-4659-AA8F-2FE8B6E9E0F1}.Debug|Any CPU.Build.0 = Debug|Any CPU
		{0B623114-6634-4659-AA8F-2FE8B6E9E0F1}.Debug|x64.ActiveCfg = Debug|Any CPU
		{0B623114-6634-4659-AA8F-2FE8B6E9E0F1}.Debug|x64.Build.0 = Debug|Any CPU
		{0B623114-6634-4659-AA8F-2FE8B6E9E0F1}.Debug|x86.ActiveCfg = Debug|Any CPU
		{0B623114-6634-4659-AA8F-2FE8B6E9E0F1}.Debug|x86.Build.0 = Debug|Any CPU
		{0B623114-6634-4659-AA8F-2FE8B6E9E0F1}.Release|Any CPU.ActiveCfg = Release|Any CPU
		{0B623114-6634-4659-AA8F-2FE8B6E9E0F1}.Release|Any CPU.Build.0 = Release|Any CPU
		{0B623114-6634-4659-AA8F-2FE8B6E9E0F1}.Release|x64.ActiveCfg = Release|Any CPU
		{0B623114-6634-4659-AA8F-2FE8B6E9E0F1}.Release|x64.Build.0 = Release|Any CPU
		{0B623114-6634-4659-AA8F-2FE8B6E9E0F1}.Release|x86.ActiveCfg = Release|Any CPU
		{0B623114-6634-4659-AA8F-2FE8B6E9E0F1}.Release|x86.Build.0 = Release|Any CPU
		{8F7ABF79-8992-42EA-A6B4-9A52F948799D}.Debug|Any CPU.ActiveCfg = Debug|Any CPU
		{8F7ABF79-8992-42EA-A6B4-9A52F948799D}.Debug|Any CPU.Build.0 = Debug|Any CPU
		{8F7ABF79-8992-42EA-A6B4-9A52F948799D}.Debug|x64.ActiveCfg = Debug|Any CPU
		{8F7ABF79-8992-42EA-A6B4-9A52F948799D}.Debug|x64.Build.0 = Debug|Any CPU
		{8F7ABF79-8992-42EA-A6B4-9A52F948799D}.Debug|x86.ActiveCfg = Debug|Any CPU
		{8F7ABF79-8992-42EA-A6B4-9A52F948799D}.Debug|x86.Build.0 = Debug|Any CPU
		{8F7ABF79-8992-42EA-A6B4-9A52F948799D}.Release|Any CPU.ActiveCfg = Release|Any CPU
		{8F7ABF79-8992-42EA-A6B4-9A52F948799D}.Release|Any CPU.Build.0 = Release|Any CPU
		{8F7ABF79-8992-42EA-A6B4-9A52F948799D}.Release|x64.ActiveCfg = Release|Any CPU
		{8F7ABF79-8992-42EA-A6B4-9A52F948799D}.Release|x64.Build.0 = Release|Any CPU
		{8F7ABF79-8992-42EA-A6B4-9A52F948799D}.Release|x86.ActiveCfg = Release|Any CPU
		{8F7ABF79-8992-42EA-A6B4-9A52F948799D}.Release|x86.Build.0 = Release|Any CPU
		{B6C73652-28DC-483A-A729-769A86E87EDE}.Debug|Any CPU.ActiveCfg = Debug|Any CPU
		{B6C73652-28DC-483A-A729-769A86E87EDE}.Debug|Any CPU.Build.0 = Debug|Any CPU
		{B6C73652-28DC-483A-A729-769A86E87EDE}.Debug|x64.ActiveCfg = Debug|Any CPU
		{B6C73652-28DC-483A-A729-769A86E87EDE}.Debug|x64.Build.0 = Debug|Any CPU
		{B6C73652-28DC-483A-A729-769A86E87EDE}.Debug|x86.ActiveCfg = Debug|Any CPU
		{B6C73652-28DC-483A-A729-769A86E87EDE}.Debug|x86.Build.0 = Debug|Any CPU
		{B6C73652-28DC-483A-A729-769A86E87EDE}.Release|Any CPU.ActiveCfg = Release|Any CPU
		{B6C73652-28DC-483A-A729-769A86E87EDE}.Release|Any CPU.Build.0 = Release|Any CPU
		{B6C73652-28DC-483A-A729-769A86E87EDE}.Release|x64.ActiveCfg = Release|Any CPU
		{B6C73652-28DC-483A-A729-769A86E87EDE}.Release|x64.Build.0 = Release|Any CPU
		{B6C73652-28DC-483A-A729-769A86E87EDE}.Release|x86.ActiveCfg = Release|Any CPU
		{B6C73652-28DC-483A-A729-769A86E87EDE}.Release|x86.Build.0 = Release|Any CPU
	EndGlobalSection
	GlobalSection(SolutionProperties) = preSolution
		HideSolutionNode = FALSE
	EndGlobalSection
	GlobalSection(NestedProjects) = preSolution
		{0B623114-6634-4659-AA8F-2FE8B6E9E0F1} = {827E0CD3-B72D-47B6-A68D-7590B98EB39B}
		{8F7ABF79-8992-42EA-A6B4-9A52F948799D} = {827E0CD3-B72D-47B6-A68D-7590B98EB39B}
		{B6C73652-28DC-483A-A729-769A86E87EDE} = {827E0CD3-B72D-47B6-A68D-7590B98EB39B}
	EndGlobalSection
EndGlobal
